
Microsoft Visual Studio Solution File, Format Version 12.00
# Visual Studio Version 16
VisualStudioVersion = 16.0.30523.141
MinimumVisualStudioVersion = 10.0.40219.1
Project("{9A19103F-16F7-4668-BE54-9A1E7A4F7556}") = "ClassMetotDemo", "ClassMetotDemo\ClassMetotDemo.csproj", "{2545DABF-6B71-4A43-8926-2B65A666C9F2}"
EndProject
Global
	GlobalSection(SolutionConfigurationPlatforms) = preSolution
		Debug|Any CPU = Debug|Any CPU
		Release|Any CPU = Release|Any CPU
	EndGlobalSection
	GlobalSection(ProjectConfigurationPlatforms) = postSolution
		{2545DABF-6B71-4A43-8926-2B65A666C9F2}.Debug|Any CPU.ActiveCfg = Debug|Any CPU
		{2545DABF-6B71-4A43-8926-2B65A666C9F2}.Debug|Any CPU.Build.0 = Debug|Any CPU
		{2545DABF-6B71-4A43-8926-2B65A666C9F2}.Release|Any CPU.ActiveCfg = Release|Any CPU
		{2545DABF-6B71-4A43-8926-2B65A666C9F2}.Release|Any CPU.Build.0 = Release|Any CPU
	EndGlobalSection
	GlobalSection(SolutionProperties) = preSolution
		HideSolutionNode = FALSE
	EndGlobalSection
	GlobalSection(ExtensibilityGlobals) = postSolution
		SolutionGuid = {5315D3FE-F46D-488D-AEA7-02F5308DAC3B}
	EndGlobalSection
EndGlobal
